
Microsoft Visual Studio Solution File, Format Version 12.00
# Visual Studio Version 16
VisualStudioVersion = 16.0.30503.244
MinimumVisualStudioVersion = 10.0.40219.1
Project("{FAE04EC0-301F-11D3-BF4B-00C04F79EFBC}") = "TestHangfire", "TestHangfire\TestHangfire.csproj", "{B5F0C73B-C02B-455D-A064-A38FE089F0CB}"
EndProject
Global
	GlobalSection(SolutionConfigurationPlatforms) = preSolution
		Debug|Any CPU = Debug|Any CPU
		Release|Any CPU = Release|Any CPU
	EndGlobalSection
	GlobalSection(ProjectConfigurationPlatforms) = postSolution
		{B5F0C73B-C02B-455D-A064-A38FE089F0CB}.Debug|Any CPU.ActiveCfg = Debug|Any CPU
		{B5F0C73B-C02B-455D-A064-A38FE089F0CB}.Debug|Any CPU.Build.0 = Debug|Any CPU
		{B5F0C73B-C02B-455D-A064-A38FE089F0CB}.Release|Any CPU.ActiveCfg = Release|Any CPU
		{B5F0C73B-C02B-455D-A064-A38FE089F0CB}.Release|Any CPU.Build.0 = Release|Any CPU
	EndGlobalSection
	GlobalSection(SolutionProperties) = preSolution
		HideSolutionNode = FALSE
	EndGlobalSection
	GlobalSection(ExtensibilityGlobals) = postSolution
		SolutionGuid = {CE2BF5AB-1C2A-4464-88F4-450FEC2AFA13}
	EndGlobalSection
EndGlobal
